<?xml version="1.0" encoding="UTF-8" standalone="yes" ?>
<CodeBlocks_project_file>
	<FileVersion major="1" minor="6" />
	<Project>
		<Option title="Projet" />
		<Option pch_mode="2" />
		<Option compiler="gcc" />
		<Build>
			<Target title="Debug">
				<Option output="bin/Debug/Projet" prefix_auto="1" extension_auto="1" />
				<Option object_output="obj/Debug/" />
				<Option type="1" />
				<Option compiler="gcc" />
				<Compiler>
					<Add option="-g" />
				</Compiler>
			</Target>
			<Target title="Release">
				<Option output="bin/Release/Projet" prefix_auto="1" extension_auto="1" />
				<Option object_output="obj/Release/" />
				<Option type="1" />
				<Option compiler="gcc" />
				<Compiler>
					<Add option="-O2" />
				</Compiler>
				<Linker>
					<Add option="-s" />
				</Linker>
			</Target>
		</Build>
		<Compiler>
			<Add option="-Wall" />
		</Compiler>
		<Unit filename="Affichage_plateau/Colonnes.c">
			<Option compilerVar="CC" />
		</Unit>
		<Unit filename="Affichage_plateau/Details.c">
			<Option compilerVar="CC" />
		</Unit>
		<Unit filename="Affichage_plateau/Lignes .c">
			<Option compilerVar="CC" />
		</Unit>
		<Unit filename="Affichage_plateau/affichage_plateau.h" />
		<Unit filename="Affichage_plateau/affichage_plateau_projet_yohan.c">
			<Option compilerVar="CC" />
		</Unit>
		<Unit filename="Affichage_plateau/cases_chance.c">
			<Option compilerVar="CC" />
		</Unit>
		<Unit filename="Affichage_plateau/cases_commu.c">
			<Option compilerVar="CC" />
		</Unit>
		<Unit filename="Affichage_plateau/cases_couleur.c">
			<Option compilerVar="CC" />
		</Unit>
		<Unit filename="Affichage_plateau/cases_speciales_colonnes.c">
			<Option compilerVar="CC" />
		</Unit>
		<Unit filename="Affichage_plateau/cases_speciales_lignes.c">
			<Option compilerVar="CC" />
		</Unit>
		<Unit filename="Affichage_plateau/lettreD_et_fleche.c">
			<Option compilerVar="CC" />
		</Unit>
		<Unit filename="Affichage_plateau/lettreI.c">
			<Option compilerVar="CC" />
		</Unit>
		<Unit filename="Affichage_plateau/lignes.c">
			<Option compilerVar="CC" />
		</Unit>
		<Unit filename="Affichage_plateau/logo_prison.c">
			<Option compilerVar="CC" />
		</Unit>
		<Unit filename="Affichage_plateau/parking_gratuit.c">
			<Option compilerVar="CC" />
		</Unit>
		<Unit filename="Affichage_plateau/sepa_colonnes.c">
			<Option compilerVar="CC" />
		</Unit>
		<Unit filename="Affichage_plateau/sepa_lignes.c">
			<Option compilerVar="CC" />
		</Unit>
		<Unit filename="Banque de cartes/carteschance.c">
			<Option compilerVar="CC" />
		</Unit>
		<Unit filename="Banque de cartes/cartescommu.c">
			<Option compilerVar="CC" />
		</Unit>
		<Unit filename="Fonctions_actions_joueurs/actions.h" />
		<Unit filename="Fonctions_actions_joueurs/case_prison.c">
			<Option compilerVar="CC" />
		</Unit>
		<Unit filename="Fonctions_actions_joueurs/deplacement_joueur.c">
			<Option compilerVar="CC" />
		</Unit>
		<Unit filename="Fonctions_actions_joueurs/fonction_de.c">
			<Option compilerVar="CC" />
		</Unit>
		<Unit filename="Fonctions_actions_joueurs/hypothequer.c">
			<Option compilerVar="CC" />
		</Unit>
		<Unit filename="Fonctions_actions_joueurs/loto.c">
			<Option compilerVar="CC" />
		</Unit>
		<Unit filename="Fonctions_actions_joueurs/payer_un_loyer.c">
			<Option compilerVar="CC" />
		</Unit>
		<Unit filename="Fonctions_actions_joueurs/rachat_terrain.c">
			<Option compilerVar="CC" />
		</Unit>
		<Unit filename="Fonctions_actions_joueurs/tomber_sur_terrain.c">
			<Option compilerVar="CC" />
		</Unit>
		<Unit filename="Fonctions_actions_joueurs/vente_maisons.c">
			<Option compilerVar="CC" />
		</Unit>
		<Unit filename="Fonctions_affichage/Déclaration_position_cases.c">
			<Option compilerVar="CC" />
		</Unit>
		<Unit filename="Fonctions_affichage/affichage.h" />
		<Unit filename="Fonctions_affichage/affichage_profil_joueur.c">
			<Option compilerVar="CC" />
		</Unit>
		<Unit filename="Fonctions_affichage/instructions_sur_plateau.c">
			<Option compilerVar="CC" />
		</Unit>
		<Unit filename="Menu/affichage_choix.c">
			<Option compilerVar="CC" />
		</Unit>
		<Unit filename="Menu/echap.c">
			<Option compilerVar="CC" />
		</Unit>
		<Unit filename="Menu/menu.c">
			<Option compilerVar="CC" />
		</Unit>
		<Unit filename="Menu/nouvelle_partie.c">
			<Option compilerVar="CC" />
		</Unit>
		<Unit filename="Partie/faillite.c">
			<Option compilerVar="CC" />
		</Unit>
		<Unit filename="Partie/nouvelle_partie.c">
			<Option compilerVar="CC" />
		</Unit>
		<Unit filename="Pioche/bibli1.h" />
		<Unit filename="Pioche/melangeurcarte.c">
			<Option compilerVar="CC" />
		</Unit>
		<Unit filename="Pioche/pioche.c">
			<Option compilerVar="CC" />
		</Unit>
		<Unit filename="Pioche/remplissage.c">
			<Option compilerVar="CC" />
		</Unit>
		<Unit filename="Sauvegardes/chargerpartieclass.c">
			<Option compilerVar="CC" />
		</Unit>
		<Unit filename="Sauvegardes/partie_alternative.c">
			<Option compilerVar="CC" />
		</Unit>
		<Unit filename="Sauvegardes/sauvegardeclassique.c">
			<Option compilerVar="CC" />
		</Unit>
		<Unit filename="Structures/Structures_cartes.c">
			<Option compilerVar="CC" />
		</Unit>
		<Unit filename="Structures/structure_joueur.c">
			<Option compilerVar="CC" />
		</Unit>
		<Unit filename="Structures/structure_joueur.h" />
		<Unit filename="Tour_joueur/Tour_joueur.c">
			<Option compilerVar="CC" />
		</Unit>
		<Unit filename="main.c">
			<Option compilerVar="CC" />
		</Unit>
		<Unit filename="mono.h" />
		<Extensions>
			<lib_finder disable_auto="1" />
		</Extensions>
	</Project>
</CodeBlocks_project_file>
